// !$*UTF8*$!
{
	archiveVersion = 1;
	classes = {
	};
	objectVersion = 56;
	objects = {

/* Begin PBXBuildFile section */
		4B59A90229F1472B00DF2B46 /* SwiftUI_ExampleApp.swift in Sources */ = {isa = PBXBuildFile; fileRef = 4B59A90129F1472B00DF2B46 /* SwiftUI_ExampleApp.swift */; };
		4B59A90429F1472B00DF2B46 /* ContentView.swift in Sources */ = {isa = PBXBuildFile; fileRef = 4B59A90329F1472B00DF2B46 /* ContentView.swift */; };
		4B59A90629F1472C00DF2B46 /* Assets.xcassets in Resources */ = {isa = PBXBuildFile; fileRef = 4B59A90529F1472C00DF2B46 /* Assets.xcassets */; };
		4B59A90929F1472C00DF2B46 /* Preview Assets.xcassets in Resources */ = {isa = PBXBuildFile; fileRef = 4B59A90829F1472C00DF2B46 /* Preview Assets.xcassets */; };
		4B59A91829F1481600DF2B46 /* PagecallCore in Frameworks */ = {isa = PBXBuildFile; productRef = 4B59A91729F1481600DF2B46 /* PagecallCore */; };
		4BA5316F2A20BAEF0002FCED /* PagecallView.swift in Sources */ = {isa = PBXBuildFile; fileRef = 4BA5316E2A20BAEF0002FCED /* PagecallView.swift */; };
		5CC7560F2A6E3230008262D9 /* LabelAndTextFieldView.swift in Sources */ = {isa = PBXBuildFile; fileRef = 5CC7560E2A6E3230008262D9 /* LabelAndTextFieldView.swift */; };
		5CC756112A6E340A008262D9 /* Constants.swift in Sources */ = {isa = PBXBuildFile; fileRef = 5CC756102A6E340A008262D9 /* Constants.swift */; };
		5CC756132A6E477B008262D9 /* EnterButton.swift in Sources */ = {isa = PBXBuildFile; fileRef = 5CC756122A6E477B008262D9 /* EnterButton.swift */; };
		5CC756152A6E478A008262D9 /* ReplayButton.swift in Sources */ = {isa = PBXBuildFile; fileRef = 5CC756142A6E478A008262D9 /* ReplayButton.swift */; };
		5CC756182A6E51F0008262D9 /* UIApplication+endEditing.swift in Sources */ = {isa = PBXBuildFile; fileRef = 5CC756172A6E51F0008262D9 /* UIApplication+endEditing.swift */; };
		5CC7562B2A6E736B008262D9 /* Alert.swift in Sources */ = {isa = PBXBuildFile; fileRef = 5CC7562A2A6E736B008262D9 /* Alert.swift */; };
		5CC7562E2A6E7C67008262D9 /* Publishers + keyboardHeight.swift in Sources */ = {isa = PBXBuildFile; fileRef = 5CC7562D2A6E7C67008262D9 /* Publishers + keyboardHeight.swift */; };
		5CC756302A6E7CA6008262D9 /* Notification + keyboardHeight.swift in Sources */ = {isa = PBXBuildFile; fileRef = 5CC7562F2A6E7CA6008262D9 /* Notification + keyboardHeight.swift */; };
/* End PBXBuildFile section */

/* Begin PBXFileReference section */
		4B59A8FE29F1472B00DF2B46 /* SwiftUI Example.app */ = {isa = PBXFileReference; explicitFileType = wrapper.application; includeInIndex = 0; path = "SwiftUI Example.app"; sourceTree = BUILT_PRODUCTS_DIR; };
		4B59A90129F1472B00DF2B46 /* SwiftUI_ExampleApp.swift */ = {isa = PBXFileReference; lastKnownFileType = sourcecode.swift; path = SwiftUI_ExampleApp.swift; sourceTree = "<group>"; };
		4B59A90329F1472B00DF2B46 /* ContentView.swift */ = {isa = PBXFileReference; lastKnownFileType = sourcecode.swift; path = ContentView.swift; sourceTree = "<group>"; };
		4B59A90529F1472C00DF2B46 /* Assets.xcassets */ = {isa = PBXFileReference; lastKnownFileType = folder.assetcatalog; path = Assets.xcassets; sourceTree = "<group>"; };
		4B59A90829F1472C00DF2B46 /* Preview Assets.xcassets */ = {isa = PBXFileReference; lastKnownFileType = folder.assetcatalog; path = "Preview Assets.xcassets"; sourceTree = "<group>"; };
		4B59A91429F147CD00DF2B46 /* pagecall-ios-sdk */ = {isa = PBXFileReference; lastKnownFileType = wrapper; name = "pagecall-ios-sdk"; path = ../..; sourceTree = "<group>"; };
		4B59A91529F147D000DF2B46 /* SwiftUI-Example-Info.plist */ = {isa = PBXFileReference; lastKnownFileType = text.plist; path = "SwiftUI-Example-Info.plist"; sourceTree = SOURCE_ROOT; };
		4BA5316E2A20BAEF0002FCED /* PagecallView.swift */ = {isa = PBXFileReference; lastKnownFileType = sourcecode.swift; path = PagecallView.swift; sourceTree = "<group>"; };
		5CC7560E2A6E3230008262D9 /* LabelAndTextFieldView.swift */ = {isa = PBXFileReference; lastKnownFileType = sourcecode.swift; path = LabelAndTextFieldView.swift; sourceTree = "<group>"; };
		5CC756102A6E340A008262D9 /* Constants.swift */ = {isa = PBXFileReference; lastKnownFileType = sourcecode.swift; path = Constants.swift; sourceTree = "<group>"; };
		5CC756122A6E477B008262D9 /* EnterButton.swift */ = {isa = PBXFileReference; lastKnownFileType = sourcecode.swift; path = EnterButton.swift; sourceTree = "<group>"; };
		5CC756142A6E478A008262D9 /* ReplayButton.swift */ = {isa = PBXFileReference; lastKnownFileType = sourcecode.swift; path = ReplayButton.swift; sourceTree = "<group>"; };
		5CC756172A6E51F0008262D9 /* UIApplication+endEditing.swift */ = {isa = PBXFileReference; lastKnownFileType = sourcecode.swift; path = "UIApplication+endEditing.swift"; sourceTree = "<group>"; };
		5CC7562A2A6E736B008262D9 /* Alert.swift */ = {isa = PBXFileReference; lastKnownFileType = sourcecode.swift; path = Alert.swift; sourceTree = "<group>"; };
		5CC7562D2A6E7C67008262D9 /* Publishers + keyboardHeight.swift */ = {isa = PBXFileReference; lastKnownFileType = sourcecode.swift; path = "Publishers + keyboardHeight.swift"; sourceTree = "<group>"; };
		5CC7562F2A6E7CA6008262D9 /* Notification + keyboardHeight.swift */ = {isa = PBXFileReference; lastKnownFileType = sourcecode.swift; path = "Notification + keyboardHeight.swift"; sourceTree = "<group>"; };
/* End PBXFileReference section */

/* Begin PBXFrameworksBuildPhase section */
		4B59A8FB29F1472B00DF2B46 /* Frameworks */ = {
			isa = PBXFrameworksBuildPhase;
			buildActionMask = 2147483647;
			files = (
				4B59A91829F1481600DF2B46 /* PagecallCore in Frameworks */,
			);
			runOnlyForDeploymentPostprocessing = 0;
		};
/* End PBXFrameworksBuildPhase section */

/* Begin PBXGroup section */
		4B59A8F529F1472B00DF2B46 = {
			isa = PBXGroup;
			children = (
				4B59A91329F147CD00DF2B46 /* Packages */,
				4B59A90029F1472B00DF2B46 /* SwiftUI Example */,
				4B59A8FF29F1472B00DF2B46 /* Products */,
				4B59A91629F1481600DF2B46 /* Frameworks */,
			);
			sourceTree = "<group>";
		};
		4B59A8FF29F1472B00DF2B46 /* Products */ = {
			isa = PBXGroup;
			children = (
				4B59A8FE29F1472B00DF2B46 /* SwiftUI Example.app */,
			);
			name = Products;
			sourceTree = "<group>";
		};
		4B59A90029F1472B00DF2B46 /* SwiftUI Example */ = {
			isa = PBXGroup;
			children = (
				5CC7562C2A6E7C51008262D9 /* Extensions */,
				5CC756292A6E7354008262D9 /* Helpers */,
				4B59A91529F147D000DF2B46 /* SwiftUI-Example-Info.plist */,
				4B59A90129F1472B00DF2B46 /* SwiftUI_ExampleApp.swift */,
				4B59A90329F1472B00DF2B46 /* ContentView.swift */,
				4BA5316E2A20BAEF0002FCED /* PagecallView.swift */,
				4B59A90529F1472C00DF2B46 /* Assets.xcassets */,
				5CC756172A6E51F0008262D9 /* UIApplication+endEditing.swift */,
				4B59A90729F1472C00DF2B46 /* Preview Content */,
				5CC756102A6E340A008262D9 /* Constants.swift */,
			);
			path = "SwiftUI Example";
			sourceTree = "<group>";
		};
		4B59A90729F1472C00DF2B46 /* Preview Content */ = {
			isa = PBXGroup;
			children = (
				4B59A90829F1472C00DF2B46 /* Preview Assets.xcassets */,
			);
			path = "Preview Content";
			sourceTree = "<group>";
		};
		4B59A91329F147CD00DF2B46 /* Packages */ = {
			isa = PBXGroup;
			children = (
				4B59A91429F147CD00DF2B46 /* pagecall-ios-sdk */,
			);
			name = Packages;
			sourceTree = "<group>";
		};
		4B59A91629F1481600DF2B46 /* Frameworks */ = {
			isa = PBXGroup;
			children = (
			);
			name = Frameworks;
			sourceTree = "<group>";
		};
		5CC756292A6E7354008262D9 /* Helpers */ = {
			isa = PBXGroup;
			children = (
				5CC7560E2A6E3230008262D9 /* LabelAndTextFieldView.swift */,
				5CC756122A6E477B008262D9 /* EnterButton.swift */,
				5CC756142A6E478A008262D9 /* ReplayButton.swift */,
				5CC7562A2A6E736B008262D9 /* Alert.swift */,
			);
			path = Helpers;
			sourceTree = "<group>";
		};
		5CC7562C2A6E7C51008262D9 /* Extensions */ = {
			isa = PBXGroup;
			children = (
				5CC7562D2A6E7C67008262D9 /* Publishers + keyboardHeight.swift */,
				5CC7562F2A6E7CA6008262D9 /* Notification + keyboardHeight.swift */,
			);
			path = Extensions;
			sourceTree = "<group>";
		};
/* End PBXGroup section */

/* Begin PBXNativeTarget section */
		4B59A8FD29F1472B00DF2B46 /* SwiftUI Example */ = {
			isa = PBXNativeTarget;
			buildConfigurationList = 4B59A90C29F1472C00DF2B46 /* Build configuration list for PBXNativeTarget "SwiftUI Example" */;
			buildPhases = (
				5CC756162A6E4F8A008262D9 /* ShellScript */,
				4B59A8FA29F1472B00DF2B46 /* Sources */,
				4B59A8FB29F1472B00DF2B46 /* Frameworks */,
				4B59A8FC29F1472B00DF2B46 /* Resources */,
			);
			buildRules = (
			);
			dependencies = (
			);
			name = "SwiftUI Example";
			packageProductDependencies = (
				4B59A91729F1481600DF2B46 /* PagecallCore */,
			);
			productName = "SwiftUI Example";
			productReference = 4B59A8FE29F1472B00DF2B46 /* SwiftUI Example.app */;
			productType = "com.apple.product-type.application";
		};
/* End PBXNativeTarget section */

/* Begin PBXProject section */
		4B59A8F629F1472B00DF2B46 /* Project object */ = {
			isa = PBXProject;
			attributes = {
				BuildIndependentTargetsInParallel = 1;
				LastSwiftUpdateCheck = 1420;
				LastUpgradeCheck = 1420;
				TargetAttributes = {
					4B59A8FD29F1472B00DF2B46 = {
						CreatedOnToolsVersion = 14.2;
					};
				};
			};
			buildConfigurationList = 4B59A8F929F1472B00DF2B46 /* Build configuration list for PBXProject "SwiftUI Example" */;
			compatibilityVersion = "Xcode 14.0";
			developmentRegion = en;
			hasScannedForEncodings = 0;
			knownRegions = (
				en,
				Base,
			);
			mainGroup = 4B59A8F529F1472B00DF2B46;
			productRefGroup = 4B59A8FF29F1472B00DF2B46 /* Products */;
			projectDirPath = "";
			projectRoot = "";
			targets = (
				4B59A8FD29F1472B00DF2B46 /* SwiftUI Example */,
			);
		};
/* End PBXProject section */

/* Begin PBXResourcesBuildPhase section */
		4B59A8FC29F1472B00DF2B46 /* Resources */ = {
			isa = PBXResourcesBuildPhase;
			buildActionMask = 2147483647;
			files = (
				4B59A90929F1472C00DF2B46 /* Preview Assets.xcassets in Resources */,
				4B59A90629F1472C00DF2B46 /* Assets.xcassets in Resources */,
			);
			runOnlyForDeploymentPostprocessing = 0;
		};
/* End PBXResourcesBuildPhase section */

/* Begin PBXShellScriptBuildPhase section */
		5CC756162A6E4F8A008262D9 /* ShellScript */ = {
			isa = PBXShellScriptBuildPhase;
			buildActionMask = 2147483647;
			files = (
			);
			inputFileListPaths = (
			);
			inputPaths = (
			);
			outputFileListPaths = (
			);
			outputPaths = (
			);
			runOnlyForDeploymentPostprocessing = 0;
			shellPath = /bin/sh;
			shellScript = "# Type a script or drag a script file from your workspace to insert its path.\nalias swiftlint=\"/opt/homebrew/bin/swiftlint\"\n\nif swiftlint >/dev/null; \n    then swiftlint --fix\nelse     \n    echo \"warning: SwiftLint not installed, download from https://github.com/realm/SwiftLint\" \nfi\n";
		};
/* End PBXShellScriptBuildPhase section */

/* Begin PBXSourcesBuildPhase section */
		4B59A8FA29F1472B00DF2B46 /* Sources */ = {
			isa = PBXSourcesBuildPhase;
			buildActionMask = 2147483647;
			files = (
				5CC7562B2A6E736B008262D9 /* Alert.swift in Sources */,
				5CC756112A6E340A008262D9 /* Constants.swift in Sources */,
				5CC756182A6E51F0008262D9 /* UIApplication+endEditing.swift in Sources */,
				5CC7560F2A6E3230008262D9 /* LabelAndTextFieldView.swift in Sources */,
				5CC756152A6E478A008262D9 /* ReplayButton.swift in Sources */,
				5CC756132A6E477B008262D9 /* EnterButton.swift in Sources */,
				5CC7562E2A6E7C67008262D9 /* Publishers + keyboardHeight.swift in Sources */,
				5CC756302A6E7CA6008262D9 /* Notification + keyboardHeight.swift in Sources */,
				4B59A90429F1472B00DF2B46 /* ContentView.swift in Sources */,
				4BA5316F2A20BAEF0002FCED /* PagecallView.swift in Sources */,
				4B59A90229F1472B00DF2B46 /* SwiftUI_ExampleApp.swift in Sources */,
			);
			runOnlyForDeploymentPostprocessing = 0;
		};
/* End PBXSourcesBuildPhase section */

/* Begin XCBuildConfiguration section */
		4B59A90A29F1472C00DF2B46 /* Debug */ = {
			isa = XCBuildConfiguration;
			buildSettings = {
				ALWAYS_SEARCH_USER_PATHS = NO;
				CLANG_ANALYZER_NONNULL = YES;
				CLANG_ANALYZER_NUMBER_OBJECT_CONVERSION = YES_AGGRESSIVE;
				CLANG_CXX_LANGUAGE_STANDARD = "gnu++20";
				CLANG_ENABLE_MODULES = YES;
				CLANG_ENABLE_OBJC_ARC = YES;
				CLANG_ENABLE_OBJC_WEAK = YES;
				CLANG_WARN_BLOCK_CAPTURE_AUTORELEASING = YES;
				CLANG_WARN_BOOL_CONVERSION = YES;
				CLANG_WARN_COMMA = YES;
				CLANG_WARN_CONSTANT_CONVERSION = YES;
				CLANG_WARN_DEPRECATED_OBJC_IMPLEMENTATIONS = YES;
				CLANG_WARN_DIRECT_OBJC_ISA_USAGE = YES_ERROR;
				CLANG_WARN_DOCUMENTATION_COMMENTS = YES;
				CLANG_WARN_EMPTY_BODY = YES;
				CLANG_WARN_ENUM_CONVERSION = YES;
				CLANG_WARN_INFINITE_RECURSION = YES;
				CLANG_WARN_INT_CONVERSION = YES;
				CLANG_WARN_NON_LITERAL_NULL_CONVERSION = YES;
				CLANG_WARN_OBJC_IMPLICIT_RETAIN_SELF = YES;
				CLANG_WARN_OBJC_LITERAL_CONVERSION = YES;
				CLANG_WARN_OBJC_ROOT_CLASS = YES_ERROR;
				CLANG_WARN_QUOTED_INCLUDE_IN_FRAMEWORK_HEADER = YES;
				CLANG_WARN_RANGE_LOOP_ANALYSIS = YES;
				CLANG_WARN_STRICT_PROTOTYPES = YES;
				CLANG_WARN_SUSPICIOUS_MOVE = YES;
				CLANG_WARN_UNGUARDED_AVAILABILITY = YES_AGGRESSIVE;
				CLANG_WARN_UNREACHABLE_CODE = YES;
				CLANG_WARN__DUPLICATE_METHOD_MATCH = YES;
				COPY_PHASE_STRIP = NO;
				DEBUG_INFORMATION_FORMAT = dwarf;
				ENABLE_STRICT_OBJC_MSGSEND = YES;
				ENABLE_TESTABILITY = YES;
				GCC_C_LANGUAGE_STANDARD = gnu11;
				GCC_DYNAMIC_NO_PIC = NO;
				GCC_NO_COMMON_BLOCKS = YES;
				GCC_OPTIMIZATION_LEVEL = 0;
				GCC_PREPROCESSOR_DEFINITIONS = (
					"DEBUG=1",
					"$(inherited)",
				);
				GCC_WARN_64_TO_32_BIT_CONVERSION = YES;
				GCC_WARN_ABOUT_RETURN_TYPE = YES_ERROR;
				GCC_WARN_UNDECLARED_SELECTOR = YES;
				GCC_WARN_UNINITIALIZED_AUTOS = YES_AGGRESSIVE;
				GCC_WARN_UNUSED_FUNCTION = YES;
				GCC_WARN_UNUSED_VARIABLE = YES;
				IPHONEOS_DEPLOYMENT_TARGET = 16.2;
				MTL_ENABLE_DEBUG_INFO = INCLUDE_SOURCE;
				MTL_FAST_MATH = YES;
				ONLY_ACTIVE_ARCH = YES;
				SDKROOT = iphoneos;
				SWIFT_ACTIVE_COMPILATION_CONDITIONS = DEBUG;
				SWIFT_OPTIMIZATION_LEVEL = "-Onone";
			};
			name = Debug;
		};
		4B59A90B29F1472C00DF2B46 /* Release */ = {
			isa = XCBuildConfiguration;
			buildSettings = {
				ALWAYS_SEARCH_USER_PATHS = NO;
				CLANG_ANALYZER_NONNULL = YES;
				CLANG_ANALYZER_NUMBER_OBJECT_CONVERSION = YES_AGGRESSIVE;
				CLANG_CXX_LANGUAGE_STANDARD = "gnu++20";
				CLANG_ENABLE_MODULES = YES;
				CLANG_ENABLE_OBJC_ARC = YES;
				CLANG_ENABLE_OBJC_WEAK = YES;
				CLANG_WARN_BLOCK_CAPTURE_AUTORELEASING = YES;
				CLANG_WARN_BOOL_CONVERSION = YES;
				CLANG_WARN_COMMA = YES;
				CLANG_WARN_CONSTANT_CONVERSION = YES;
				CLANG_WARN_DEPRECATED_OBJC_IMPLEMENTATIONS = YES;
				CLANG_WARN_DIRECT_OBJC_ISA_USAGE = YES_ERROR;
				CLANG_WARN_DOCUMENTATION_COMMENTS = YES;
				CLANG_WARN_EMPTY_BODY = YES;
				CLANG_WARN_ENUM_CONVERSION = YES;
				CLANG_WARN_INFINITE_RECURSION = YES;
				CLANG_WARN_INT_CONVERSION = YES;
				CLANG_WARN_NON_LITERAL_NULL_CONVERSION = YES;
				CLANG_WARN_OBJC_IMPLICIT_RETAIN_SELF = YES;
				CLANG_WARN_OBJC_LITERAL_CONVERSION = YES;
				CLANG_WARN_OBJC_ROOT_CLASS = YES_ERROR;
				CLANG_WARN_QUOTED_INCLUDE_IN_FRAMEWORK_HEADER = YES;
				CLANG_WARN_RANGE_LOOP_ANALYSIS = YES;
				CLANG_WARN_STRICT_PROTOTYPES = YES;
				CLANG_WARN_SUSPICIOUS_MOVE = YES;
				CLANG_WARN_UNGUARDED_AVAILABILITY = YES_AGGRESSIVE;
				CLANG_WARN_UNREACHABLE_CODE = YES;
				CLANG_WARN__DUPLICATE_METHOD_MATCH = YES;
				COPY_PHASE_STRIP = NO;
				DEBUG_INFORMATION_FORMAT = "dwarf-with-dsym";
				ENABLE_NS_ASSERTIONS = NO;
				ENABLE_STRICT_OBJC_MSGSEND = YES;
				GCC_C_LANGUAGE_STANDARD = gnu11;
				GCC_NO_COMMON_BLOCKS = YES;
				GCC_WARN_64_TO_32_BIT_CONVERSION = YES;
				GCC_WARN_ABOUT_RETURN_TYPE = YES_ERROR;
				GCC_WARN_UNDECLARED_SELECTOR = YES;
				GCC_WARN_UNINITIALIZED_AUTOS = YES_AGGRESSIVE;
				GCC_WARN_UNUSED_FUNCTION = YES;
				GCC_WARN_UNUSED_VARIABLE = YES;
				IPHONEOS_DEPLOYMENT_TARGET = 16.2;
				MTL_ENABLE_DEBUG_INFO = NO;
				MTL_FAST_MATH = YES;
				SDKROOT = iphoneos;
				SWIFT_COMPILATION_MODE = wholemodule;
				SWIFT_OPTIMIZATION_LEVEL = "-O";
				VALIDATE_PRODUCT = YES;
			};
			name = Release;
		};
		4B59A90D29F1472C00DF2B46 /* Debug */ = {
			isa = XCBuildConfiguration;
			buildSettings = {
				ASSETCATALOG_COMPILER_APPICON_NAME = AppIcon;
				ASSETCATALOG_COMPILER_GLOBAL_ACCENT_COLOR_NAME = AccentColor;
				CODE_SIGN_STYLE = Automatic;
				CURRENT_PROJECT_VERSION = 1;
				DEVELOPMENT_ASSET_PATHS = "\"SwiftUI Example/Preview Content\"";
				DEVELOPMENT_TEAM = 9H2SNY3HBF;
				ENABLE_PREVIEWS = YES;
				GENERATE_INFOPLIST_FILE = YES;
				INFOPLIST_FILE = "SwiftUI-Example-Info.plist";
				INFOPLIST_KEY_NSMicrophoneUsageDescription = "Pagecall requires microphone access";
				INFOPLIST_KEY_UIApplicationSceneManifest_Generation = YES;
				INFOPLIST_KEY_UIApplicationSupportsIndirectInputEvents = YES;
				INFOPLIST_KEY_UILaunchScreen_Generation = YES;
				INFOPLIST_KEY_UISupportedInterfaceOrientations_iPad = "UIInterfaceOrientationPortrait UIInterfaceOrientationPortraitUpsideDown UIInterfaceOrientationLandscapeLeft UIInterfaceOrientationLandscapeRight";
				INFOPLIST_KEY_UISupportedInterfaceOrientations_iPhone = "UIInterfaceOrientationPortrait UIInterfaceOrientationLandscapeLeft UIInterfaceOrientationLandscapeRight";
				IPHONEOS_DEPLOYMENT_TARGET = 14.0;
				LD_RUNPATH_SEARCH_PATHS = (
					"$(inherited)",
					"@executable_path/Frameworks",
				);
				MARKETING_VERSION = 1.0;
				PRODUCT_BUNDLE_IDENTIFIER = "pagecall.SwiftUI-Example";
				PRODUCT_NAME = "$(TARGET_NAME)";
				SWIFT_EMIT_LOC_STRINGS = YES;
				SWIFT_VERSION = 5.0;
				TARGETED_DEVICE_FAMILY = "1,2";
			};
			name = Debug;
		};
		4B59A90E29F1472C00DF2B46 /* Release */ = {
			isa = XCBuildConfiguration;
			buildSettings = {
				ASSETCATALOG_COMPILER_APPICON_NAME = AppIcon;
				ASSETCATALOG_COMPILER_GLOBAL_ACCENT_COLOR_NAME = AccentColor;
				CODE_SIGN_STYLE = Automatic;
				CURRENT_PROJECT_VERSION = 1;
				DEVELOPMENT_ASSET_PATHS = "\"SwiftUI Example/Preview Content\"";
				DEVELOPMENT_TEAM = 9H2SNY3HBF;
				ENABLE_PREVIEWS = YES;
				GENERATE_INFOPLIST_FILE = YES;
				INFOPLIST_FILE = "SwiftUI-Example-Info.plist";
				INFOPLIST_KEY_NSMicrophoneUsageDescription = "Pagecall requires microphone access";
				INFOPLIST_KEY_UIApplicationSceneManifest_Generation = YES;
				INFOPLIST_KEY_UIApplicationSupportsIndirectInputEvents = YES;
				INFOPLIST_KEY_UILaunchScreen_Generation = YES;
				INFOPLIST_KEY_UISupportedInterfaceOrientations_iPad = "UIInterfaceOrientationPortrait UIInterfaceOrientationPortraitUpsideDown UIInterfaceOrientationLandscapeLeft UIInterfaceOrientationLandscapeRight";
				INFOPLIST_KEY_UISupportedInterfaceOrientations_iPhone = "UIInterfaceOrientationPortrait UIInterfaceOrientationLandscapeLeft UIInterfaceOrientationLandscapeRight";
				IPHONEOS_DEPLOYMENT_TARGET = 14.0;
				LD_RUNPATH_SEARCH_PATHS = (
					"$(inherited)",
					"@executable_path/Frameworks",
				);
				MARKETING_VERSION = 1.0;
				PRODUCT_BUNDLE_IDENTIFIER = "pagecall.SwiftUI-Example";
				PRODUCT_NAME = "$(TARGET_NAME)";
				SWIFT_EMIT_LOC_STRINGS = YES;
				SWIFT_VERSION = 5.0;
				TARGETED_DEVICE_FAMILY = "1,2";
			};
			name = Release;
		};
/* End XCBuildConfiguration section */

/* Begin XCConfigurationList section */
		4B59A8F929F1472B00DF2B46 /* Build configuration list for PBXProject "SwiftUI Example" */ = {
			isa = XCConfigurationList;
			buildConfigurations = (
				4B59A90A29F1472C00DF2B46 /* Debug */,
				4B59A90B29F1472C00DF2B46 /* Release */,
			);
			defaultConfigurationIsVisible = 0;
			defaultConfigurationName = Release;
		};
		4B59A90C29F1472C00DF2B46 /* Build configuration list for PBXNativeTarget "SwiftUI Example" */ = {
			isa = XCConfigurationList;
			buildConfigurations = (
				4B59A90D29F1472C00DF2B46 /* Debug */,
				4B59A90E29F1472C00DF2B46 /* Release */,
			);
			defaultConfigurationIsVisible = 0;
			defaultConfigurationName = Release;
		};
/* End XCConfigurationList section */

/* Begin XCSwiftPackageProductDependency section */
		4B59A91729F1481600DF2B46 /* PagecallCore */ = {
			isa = XCSwiftPackageProductDependency;
			productName = PagecallCore;
		};
/* End XCSwiftPackageProductDependency section */
	};
	rootObject = 4B59A8F629F1472B00DF2B46 /* Project object */;
}
