{
  "object": {
    "pins": [
      {
        "package": "WebRTC",
        "repositoryURL": "https://github.com/alexpiezo/WebRTC.git",
        "state": {
          "branch": null,
          "revision": "d014e28128f1647854bb5e90207ac5341ed6385f",
          "version": "1.1.31567"
        }
      }
    ]
  },
  "version": 1
}
