{
  "object": {
    "pins": [
      {
        "package": "Sentry",
        "repositoryURL": "https://github.com/getsentry/sentry-cocoa",
        "state": {
          "branch": null,
          "revision": "56bfb7e723c76614be4c0861ee820ccbaed14c6d",
          "version": "8.41.0"
        }
      }
    ]
  },
  "version": 1
}
