{
  "object": {
    "pins": [
      {
        "package": "WebRTC",
        "repositoryURL": "https://github.com/alexpiezo/WebRTC.git",
        "state": {
          "branch": null,
          "revision": "d28a85957f83337147823207668fc2ecd2428aea",
          "version": "95.4638.0"
        }
      }
    ]
  },
  "version": 1
}
