// !$*UTF8*$!
{
	archiveVersion = 1;
	classes = {
	};
	objectVersion = 56;
	objects = {

/* Begin PBXBuildFile section */
		42B645BE994C072A6A478241 /* Pods_UIKit_Example.framework in Frameworks */ = {isa = PBXBuildFile; fileRef = 54C7829D75F5BF0865EA120B /* Pods_UIKit_Example.framework */; };
		4BD933382A160E49008BD122 /* AppDelegate.swift in Sources */ = {isa = PBXBuildFile; fileRef = 4BD933372A160E49008BD122 /* AppDelegate.swift */; };
		4BD9333A2A160E49008BD122 /* SceneDelegate.swift in Sources */ = {isa = PBXBuildFile; fileRef = 4BD933392A160E49008BD122 /* SceneDelegate.swift */; };
		4BD9333C2A160E49008BD122 /* HomeViewController.swift in Sources */ = {isa = PBXBuildFile; fileRef = 4BD9333B2A160E49008BD122 /* HomeViewController.swift */; };
		4BD9333F2A160E49008BD122 /* Main.storyboard in Resources */ = {isa = PBXBuildFile; fileRef = 4BD9333D2A160E49008BD122 /* Main.storyboard */; };
		4BD933412A160E4A008BD122 /* Assets.xcassets in Resources */ = {isa = PBXBuildFile; fileRef = 4BD933402A160E4A008BD122 /* Assets.xcassets */; };
		4BD933442A160E4A008BD122 /* LaunchScreen.storyboard in Resources */ = {isa = PBXBuildFile; fileRef = 4BD933422A160E4A008BD122 /* LaunchScreen.storyboard */; };
		5C5CC03B2A7254C400EF9732 /* Message.swift in Sources */ = {isa = PBXBuildFile; fileRef = 5C5CC03A2A7254C400EF9732 /* Message.swift */; };
		5C5CC03D2A7254CE00EF9732 /* SendMessage.swift in Sources */ = {isa = PBXBuildFile; fileRef = 5C5CC03C2A7254CE00EF9732 /* SendMessage.swift */; };
		5C71FBF72A68F1BE004E3A6F /* PagecallViewController.swift in Sources */ = {isa = PBXBuildFile; fileRef = 5C71FBF62A68F1BE004E3A6F /* PagecallViewController.swift */; };
		5CA27F032A7352480058D55C /* Loading.swift in Sources */ = {isa = PBXBuildFile; fileRef = 5CA27F022A7352480058D55C /* Loading.swift */; };
		5CA27F052A736E570058D55C /* ProgressBar.swift in Sources */ = {isa = PBXBuildFile; fileRef = 5CA27F042A736E570058D55C /* ProgressBar.swift */; };
		5CC756262A6E72A5008262D9 /* Alert.swift in Sources */ = {isa = PBXBuildFile; fileRef = 5CC756252A6E72A5008262D9 /* Alert.swift */; };
		5CC756282A6E72D0008262D9 /* LabelAndTextFieldView.swift in Sources */ = {isa = PBXBuildFile; fileRef = 5CC756272A6E72D0008262D9 /* LabelAndTextFieldView.swift */; };
/* End PBXBuildFile section */

/* Begin PBXFileReference section */
		4BD933342A160E49008BD122 /* UIKit Example.app */ = {isa = PBXFileReference; explicitFileType = wrapper.application; includeInIndex = 0; path = "UIKit Example.app"; sourceTree = BUILT_PRODUCTS_DIR; };
		4BD933372A160E49008BD122 /* AppDelegate.swift */ = {isa = PBXFileReference; lastKnownFileType = sourcecode.swift; path = AppDelegate.swift; sourceTree = "<group>"; };
		4BD933392A160E49008BD122 /* SceneDelegate.swift */ = {isa = PBXFileReference; lastKnownFileType = sourcecode.swift; path = SceneDelegate.swift; sourceTree = "<group>"; };
		4BD9333B2A160E49008BD122 /* HomeViewController.swift */ = {isa = PBXFileReference; lastKnownFileType = sourcecode.swift; path = HomeViewController.swift; sourceTree = "<group>"; };
		4BD9333E2A160E49008BD122 /* Base */ = {isa = PBXFileReference; lastKnownFileType = file.storyboard; name = Base; path = Base.lproj/Main.storyboard; sourceTree = "<group>"; };
		4BD933402A160E4A008BD122 /* Assets.xcassets */ = {isa = PBXFileReference; lastKnownFileType = folder.assetcatalog; path = Assets.xcassets; sourceTree = "<group>"; };
		4BD933432A160E4A008BD122 /* Base */ = {isa = PBXFileReference; lastKnownFileType = file.storyboard; name = Base; path = Base.lproj/LaunchScreen.storyboard; sourceTree = "<group>"; };
		4BD933452A160E4A008BD122 /* Info.plist */ = {isa = PBXFileReference; lastKnownFileType = text.plist.xml; path = Info.plist; sourceTree = "<group>"; };
		54C7829D75F5BF0865EA120B /* Pods_UIKit_Example.framework */ = {isa = PBXFileReference; explicitFileType = wrapper.framework; includeInIndex = 0; path = Pods_UIKit_Example.framework; sourceTree = BUILT_PRODUCTS_DIR; };
		5C5CC03A2A7254C400EF9732 /* Message.swift */ = {isa = PBXFileReference; lastKnownFileType = sourcecode.swift; path = Message.swift; sourceTree = "<group>"; };
		5C5CC03C2A7254CE00EF9732 /* SendMessage.swift */ = {isa = PBXFileReference; lastKnownFileType = sourcecode.swift; path = SendMessage.swift; sourceTree = "<group>"; };
		5C71FBF62A68F1BE004E3A6F /* PagecallViewController.swift */ = {isa = PBXFileReference; lastKnownFileType = sourcecode.swift; path = PagecallViewController.swift; sourceTree = "<group>"; };
		5CA27F022A7352480058D55C /* Loading.swift */ = {isa = PBXFileReference; lastKnownFileType = sourcecode.swift; path = Loading.swift; sourceTree = "<group>"; };
		5CA27F042A736E570058D55C /* ProgressBar.swift */ = {isa = PBXFileReference; lastKnownFileType = sourcecode.swift; path = ProgressBar.swift; sourceTree = "<group>"; };
		5CC756252A6E72A5008262D9 /* Alert.swift */ = {isa = PBXFileReference; lastKnownFileType = sourcecode.swift; path = Alert.swift; sourceTree = "<group>"; };
		5CC756272A6E72D0008262D9 /* LabelAndTextFieldView.swift */ = {isa = PBXFileReference; lastKnownFileType = sourcecode.swift; path = LabelAndTextFieldView.swift; sourceTree = "<group>"; };
		6CA2247DD5FD7A4DB42EBA82 /* Pods-UIKit Example.release.xcconfig */ = {isa = PBXFileReference; includeInIndex = 1; lastKnownFileType = text.xcconfig; name = "Pods-UIKit Example.release.xcconfig"; path = "Target Support Files/Pods-UIKit Example/Pods-UIKit Example.release.xcconfig"; sourceTree = "<group>"; };
		F38BCA9CFD2A2181D207F782 /* Pods-UIKit Example.debug.xcconfig */ = {isa = PBXFileReference; includeInIndex = 1; lastKnownFileType = text.xcconfig; name = "Pods-UIKit Example.debug.xcconfig"; path = "Target Support Files/Pods-UIKit Example/Pods-UIKit Example.debug.xcconfig"; sourceTree = "<group>"; };
/* End PBXFileReference section */

/* Begin PBXFrameworksBuildPhase section */
		4BD933312A160E49008BD122 /* Frameworks */ = {
			isa = PBXFrameworksBuildPhase;
			buildActionMask = 2147483647;
			files = (
				42B645BE994C072A6A478241 /* Pods_UIKit_Example.framework in Frameworks */,
			);
			runOnlyForDeploymentPostprocessing = 0;
		};
/* End PBXFrameworksBuildPhase section */

/* Begin PBXGroup section */
		0170C8AD5575BE8CBE82C23F /* Pods */ = {
			isa = PBXGroup;
			children = (
				F38BCA9CFD2A2181D207F782 /* Pods-UIKit Example.debug.xcconfig */,
				6CA2247DD5FD7A4DB42EBA82 /* Pods-UIKit Example.release.xcconfig */,
			);
			path = Pods;
			sourceTree = "<group>";
		};
		4BD9332B2A160E49008BD122 = {
			isa = PBXGroup;
			children = (
				4BD933362A160E49008BD122 /* UIKit Example */,
				4BD933352A160E49008BD122 /* Products */,
				0170C8AD5575BE8CBE82C23F /* Pods */,
				84AB8FCA2843501BAC242CDF /* Frameworks */,
			);
			sourceTree = "<group>";
		};
		4BD933352A160E49008BD122 /* Products */ = {
			isa = PBXGroup;
			children = (
				4BD933342A160E49008BD122 /* UIKit Example.app */,
			);
			name = Products;
			sourceTree = "<group>";
		};
		4BD933362A160E49008BD122 /* UIKit Example */ = {
			isa = PBXGroup;
			children = (
				5CC756242A6E729E008262D9 /* Helpers */,
				4BD933372A160E49008BD122 /* AppDelegate.swift */,
				4BD933392A160E49008BD122 /* SceneDelegate.swift */,
				4BD9333B2A160E49008BD122 /* HomeViewController.swift */,
				5C71FBF62A68F1BE004E3A6F /* PagecallViewController.swift */,
				4BD9333D2A160E49008BD122 /* Main.storyboard */,
				4BD933402A160E4A008BD122 /* Assets.xcassets */,
				4BD933422A160E4A008BD122 /* LaunchScreen.storyboard */,
				4BD933452A160E4A008BD122 /* Info.plist */,
			);
			path = "UIKit Example";
			sourceTree = "<group>";
		};
		5CC756242A6E729E008262D9 /* Helpers */ = {
			isa = PBXGroup;
			children = (
				5CC756252A6E72A5008262D9 /* Alert.swift */,
				5CC756272A6E72D0008262D9 /* LabelAndTextFieldView.swift */,
				5C5CC03A2A7254C400EF9732 /* Message.swift */,
				5C5CC03C2A7254CE00EF9732 /* SendMessage.swift */,
				5CA27F022A7352480058D55C /* Loading.swift */,
				5CA27F042A736E570058D55C /* ProgressBar.swift */,
			);
			path = Helpers;
			sourceTree = "<group>";
		};
		84AB8FCA2843501BAC242CDF /* Frameworks */ = {
			isa = PBXGroup;
			children = (
				54C7829D75F5BF0865EA120B /* Pods_UIKit_Example.framework */,
			);
			name = Frameworks;
			sourceTree = "<group>";
		};
/* End PBXGroup section */

/* Begin PBXNativeTarget section */
		4BD933332A160E49008BD122 /* UIKit Example */ = {
			isa = PBXNativeTarget;
			buildConfigurationList = 4BD933482A160E4A008BD122 /* Build configuration list for PBXNativeTarget "UIKit Example" */;
			buildPhases = (
				AC02E2B4A901A74D6283446F /* [CP] Check Pods Manifest.lock */,
				5CC755BA2A6DFE83008262D9 /* Run Script */,
				4BD933302A160E49008BD122 /* Sources */,
				4BD933312A160E49008BD122 /* Frameworks */,
				4BD933322A160E49008BD122 /* Resources */,
				C9437B570DF88CD65BF75CC7 /* [CP] Embed Pods Frameworks */,
			);
			buildRules = (
			);
			dependencies = (
			);
			name = "UIKit Example";
			productName = "UIKit Example";
			productReference = 4BD933342A160E49008BD122 /* UIKit Example.app */;
			productType = "com.apple.product-type.application";
		};
/* End PBXNativeTarget section */

/* Begin PBXProject section */
		4BD9332C2A160E49008BD122 /* Project object */ = {
			isa = PBXProject;
			attributes = {
				BuildIndependentTargetsInParallel = 1;
				LastSwiftUpdateCheck = 1420;
				LastUpgradeCheck = 1420;
				TargetAttributes = {
					4BD933332A160E49008BD122 = {
						CreatedOnToolsVersion = 14.2;
					};
				};
			};
			buildConfigurationList = 4BD9332F2A160E49008BD122 /* Build configuration list for PBXProject "UIKit Example" */;
			compatibilityVersion = "Xcode 14.0";
			developmentRegion = en;
			hasScannedForEncodings = 0;
			knownRegions = (
				en,
				Base,
			);
			mainGroup = 4BD9332B2A160E49008BD122;
			productRefGroup = 4BD933352A160E49008BD122 /* Products */;
			projectDirPath = "";
			projectRoot = "";
			targets = (
				4BD933332A160E49008BD122 /* UIKit Example */,
			);
		};
/* End PBXProject section */

/* Begin PBXResourcesBuildPhase section */
		4BD933322A160E49008BD122 /* Resources */ = {
			isa = PBXResourcesBuildPhase;
			buildActionMask = 2147483647;
			files = (
				4BD933442A160E4A008BD122 /* LaunchScreen.storyboard in Resources */,
				4BD933412A160E4A008BD122 /* Assets.xcassets in Resources */,
				4BD9333F2A160E49008BD122 /* Main.storyboard in Resources */,
			);
			runOnlyForDeploymentPostprocessing = 0;
		};
/* End PBXResourcesBuildPhase section */

/* Begin PBXShellScriptBuildPhase section */
		5CC755BA2A6DFE83008262D9 /* Run Script */ = {
			isa = PBXShellScriptBuildPhase;
			buildActionMask = 2147483647;
			files = (
			);
			inputFileListPaths = (
			);
			inputPaths = (
			);
			name = "Run Script";
			outputFileListPaths = (
			);
			outputPaths = (
			);
			runOnlyForDeploymentPostprocessing = 0;
			shellPath = /bin/sh;
			shellScript = "# Type a script or drag a script file from your workspace to insert its path.\nif which swiftlint >/dev/null; then\n    swiftlint autocorrect\nelse\n    echo \"SwiftLint is not installed\"\nfi\n";
		};
		AC02E2B4A901A74D6283446F /* [CP] Check Pods Manifest.lock */ = {
			isa = PBXShellScriptBuildPhase;
			buildActionMask = 2147483647;
			files = (
			);
			inputFileListPaths = (
			);
			inputPaths = (
				"${PODS_PODFILE_DIR_PATH}/Podfile.lock",
				"${PODS_ROOT}/Manifest.lock",
			);
			name = "[CP] Check Pods Manifest.lock";
			outputFileListPaths = (
			);
			outputPaths = (
				"$(DERIVED_FILE_DIR)/Pods-UIKit Example-checkManifestLockResult.txt",
			);
			runOnlyForDeploymentPostprocessing = 0;
			shellPath = /bin/sh;
			shellScript = "diff \"${PODS_PODFILE_DIR_PATH}/Podfile.lock\" \"${PODS_ROOT}/Manifest.lock\" > /dev/null\nif [ $? != 0 ] ; then\n    # print error to STDERR\n    echo \"error: The sandbox is not in sync with the Podfile.lock. Run 'pod install' or update your CocoaPods installation.\" >&2\n    exit 1\nfi\n# This output is used by Xcode 'outputs' to avoid re-running this script phase.\necho \"SUCCESS\" > \"${SCRIPT_OUTPUT_FILE_0}\"\n";
			showEnvVarsInLog = 0;
		};
		C9437B570DF88CD65BF75CC7 /* [CP] Embed Pods Frameworks */ = {
			isa = PBXShellScriptBuildPhase;
			buildActionMask = 2147483647;
			files = (
			);
			inputFileListPaths = (
				"${PODS_ROOT}/Target Support Files/Pods-UIKit Example/Pods-UIKit Example-frameworks-${CONFIGURATION}-input-files.xcfilelist",
			);
			name = "[CP] Embed Pods Frameworks";
			outputFileListPaths = (
				"${PODS_ROOT}/Target Support Files/Pods-UIKit Example/Pods-UIKit Example-frameworks-${CONFIGURATION}-output-files.xcfilelist",
			);
			runOnlyForDeploymentPostprocessing = 0;
			shellPath = /bin/sh;
			shellScript = "\"${PODS_ROOT}/Target Support Files/Pods-UIKit Example/Pods-UIKit Example-frameworks.sh\"\n";
			showEnvVarsInLog = 0;
		};
/* End PBXShellScriptBuildPhase section */

/* Begin PBXSourcesBuildPhase section */
		4BD933302A160E49008BD122 /* Sources */ = {
			isa = PBXSourcesBuildPhase;
			buildActionMask = 2147483647;
			files = (
				5CC756262A6E72A5008262D9 /* Alert.swift in Sources */,
				5CA27F032A7352480058D55C /* Loading.swift in Sources */,
				5C71FBF72A68F1BE004E3A6F /* PagecallViewController.swift in Sources */,
				4BD9333C2A160E49008BD122 /* HomeViewController.swift in Sources */,
				5C5CC03D2A7254CE00EF9732 /* SendMessage.swift in Sources */,
				4BD933382A160E49008BD122 /* AppDelegate.swift in Sources */,
				4BD9333A2A160E49008BD122 /* SceneDelegate.swift in Sources */,
				5CC756282A6E72D0008262D9 /* LabelAndTextFieldView.swift in Sources */,
				5CA27F052A736E570058D55C /* ProgressBar.swift in Sources */,
				5C5CC03B2A7254C400EF9732 /* Message.swift in Sources */,
			);
			runOnlyForDeploymentPostprocessing = 0;
		};
/* End PBXSourcesBuildPhase section */

/* Begin PBXVariantGroup section */
		4BD9333D2A160E49008BD122 /* Main.storyboard */ = {
			isa = PBXVariantGroup;
			children = (
				4BD9333E2A160E49008BD122 /* Base */,
			);
			name = Main.storyboard;
			sourceTree = "<group>";
		};
		4BD933422A160E4A008BD122 /* LaunchScreen.storyboard */ = {
			isa = PBXVariantGroup;
			children = (
				4BD933432A160E4A008BD122 /* Base */,
			);
			name = LaunchScreen.storyboard;
			sourceTree = "<group>";
		};
/* End PBXVariantGroup section */

/* Begin XCBuildConfiguration section */
		4BD933462A160E4A008BD122 /* Debug */ = {
			isa = XCBuildConfiguration;
			buildSettings = {
				ALWAYS_SEARCH_USER_PATHS = NO;
				CLANG_ANALYZER_NONNULL = YES;
				CLANG_ANALYZER_NUMBER_OBJECT_CONVERSION = YES_AGGRESSIVE;
				CLANG_CXX_LANGUAGE_STANDARD = "gnu++20";
				CLANG_ENABLE_MODULES = YES;
				CLANG_ENABLE_OBJC_ARC = YES;
				CLANG_ENABLE_OBJC_WEAK = YES;
				CLANG_WARN_BLOCK_CAPTURE_AUTORELEASING = YES;
				CLANG_WARN_BOOL_CONVERSION = YES;
				CLANG_WARN_COMMA = YES;
				CLANG_WARN_CONSTANT_CONVERSION = YES;
				CLANG_WARN_DEPRECATED_OBJC_IMPLEMENTATIONS = YES;
				CLANG_WARN_DIRECT_OBJC_ISA_USAGE = YES_ERROR;
				CLANG_WARN_DOCUMENTATION_COMMENTS = YES;
				CLANG_WARN_EMPTY_BODY = YES;
				CLANG_WARN_ENUM_CONVERSION = YES;
				CLANG_WARN_INFINITE_RECURSION = YES;
				CLANG_WARN_INT_CONVERSION = YES;
				CLANG_WARN_NON_LITERAL_NULL_CONVERSION = YES;
				CLANG_WARN_OBJC_IMPLICIT_RETAIN_SELF = YES;
				CLANG_WARN_OBJC_LITERAL_CONVERSION = YES;
				CLANG_WARN_OBJC_ROOT_CLASS = YES_ERROR;
				CLANG_WARN_QUOTED_INCLUDE_IN_FRAMEWORK_HEADER = YES;
				CLANG_WARN_RANGE_LOOP_ANALYSIS = YES;
				CLANG_WARN_STRICT_PROTOTYPES = YES;
				CLANG_WARN_SUSPICIOUS_MOVE = YES;
				CLANG_WARN_UNGUARDED_AVAILABILITY = YES_AGGRESSIVE;
				CLANG_WARN_UNREACHABLE_CODE = YES;
				CLANG_WARN__DUPLICATE_METHOD_MATCH = YES;
				COPY_PHASE_STRIP = NO;
				DEBUG_INFORMATION_FORMAT = dwarf;
				ENABLE_STRICT_OBJC_MSGSEND = YES;
				ENABLE_TESTABILITY = YES;
				GCC_C_LANGUAGE_STANDARD = gnu11;
				GCC_DYNAMIC_NO_PIC = NO;
				GCC_NO_COMMON_BLOCKS = YES;
				GCC_OPTIMIZATION_LEVEL = 0;
				GCC_PREPROCESSOR_DEFINITIONS = (
					"DEBUG=1",
					"$(inherited)",
				);
				GCC_WARN_64_TO_32_BIT_CONVERSION = YES;
				GCC_WARN_ABOUT_RETURN_TYPE = YES_ERROR;
				GCC_WARN_UNDECLARED_SELECTOR = YES;
				GCC_WARN_UNINITIALIZED_AUTOS = YES_AGGRESSIVE;
				GCC_WARN_UNUSED_FUNCTION = YES;
				GCC_WARN_UNUSED_VARIABLE = YES;
				IPHONEOS_DEPLOYMENT_TARGET = 16.2;
				MTL_ENABLE_DEBUG_INFO = INCLUDE_SOURCE;
				MTL_FAST_MATH = YES;
				ONLY_ACTIVE_ARCH = YES;
				SDKROOT = iphoneos;
				SWIFT_ACTIVE_COMPILATION_CONDITIONS = DEBUG;
				SWIFT_OPTIMIZATION_LEVEL = "-Onone";
			};
			name = Debug;
		};
		4BD933472A160E4A008BD122 /* Release */ = {
			isa = XCBuildConfiguration;
			buildSettings = {
				ALWAYS_SEARCH_USER_PATHS = NO;
				CLANG_ANALYZER_NONNULL = YES;
				CLANG_ANALYZER_NUMBER_OBJECT_CONVERSION = YES_AGGRESSIVE;
				CLANG_CXX_LANGUAGE_STANDARD = "gnu++20";
				CLANG_ENABLE_MODULES = YES;
				CLANG_ENABLE_OBJC_ARC = YES;
				CLANG_ENABLE_OBJC_WEAK = YES;
				CLANG_WARN_BLOCK_CAPTURE_AUTORELEASING = YES;
				CLANG_WARN_BOOL_CONVERSION = YES;
				CLANG_WARN_COMMA = YES;
				CLANG_WARN_CONSTANT_CONVERSION = YES;
				CLANG_WARN_DEPRECATED_OBJC_IMPLEMENTATIONS = YES;
				CLANG_WARN_DIRECT_OBJC_ISA_USAGE = YES_ERROR;
				CLANG_WARN_DOCUMENTATION_COMMENTS = YES;
				CLANG_WARN_EMPTY_BODY = YES;
				CLANG_WARN_ENUM_CONVERSION = YES;
				CLANG_WARN_INFINITE_RECURSION = YES;
				CLANG_WARN_INT_CONVERSION = YES;
				CLANG_WARN_NON_LITERAL_NULL_CONVERSION = YES;
				CLANG_WARN_OBJC_IMPLICIT_RETAIN_SELF = YES;
				CLANG_WARN_OBJC_LITERAL_CONVERSION = YES;
				CLANG_WARN_OBJC_ROOT_CLASS = YES_ERROR;
				CLANG_WARN_QUOTED_INCLUDE_IN_FRAMEWORK_HEADER = YES;
				CLANG_WARN_RANGE_LOOP_ANALYSIS = YES;
				CLANG_WARN_STRICT_PROTOTYPES = YES;
				CLANG_WARN_SUSPICIOUS_MOVE = YES;
				CLANG_WARN_UNGUARDED_AVAILABILITY = YES_AGGRESSIVE;
				CLANG_WARN_UNREACHABLE_CODE = YES;
				CLANG_WARN__DUPLICATE_METHOD_MATCH = YES;
				COPY_PHASE_STRIP = NO;
				DEBUG_INFORMATION_FORMAT = "dwarf-with-dsym";
				ENABLE_NS_ASSERTIONS = NO;
				ENABLE_STRICT_OBJC_MSGSEND = YES;
				GCC_C_LANGUAGE_STANDARD = gnu11;
				GCC_NO_COMMON_BLOCKS = YES;
				GCC_WARN_64_TO_32_BIT_CONVERSION = YES;
				GCC_WARN_ABOUT_RETURN_TYPE = YES_ERROR;
				GCC_WARN_UNDECLARED_SELECTOR = YES;
				GCC_WARN_UNINITIALIZED_AUTOS = YES_AGGRESSIVE;
				GCC_WARN_UNUSED_FUNCTION = YES;
				GCC_WARN_UNUSED_VARIABLE = YES;
				IPHONEOS_DEPLOYMENT_TARGET = 16.2;
				MTL_ENABLE_DEBUG_INFO = NO;
				MTL_FAST_MATH = YES;
				SDKROOT = iphoneos;
				SWIFT_COMPILATION_MODE = wholemodule;
				SWIFT_OPTIMIZATION_LEVEL = "-O";
				VALIDATE_PRODUCT = YES;
			};
			name = Release;
		};
		4BD933492A160E4A008BD122 /* Debug */ = {
			isa = XCBuildConfiguration;
			baseConfigurationReference = F38BCA9CFD2A2181D207F782 /* Pods-UIKit Example.debug.xcconfig */;
			buildSettings = {
				ASSETCATALOG_COMPILER_APPICON_NAME = AppIcon;
				ASSETCATALOG_COMPILER_GLOBAL_ACCENT_COLOR_NAME = AccentColor;
				CODE_SIGN_STYLE = Automatic;
				CURRENT_PROJECT_VERSION = 1;
				DEVELOPMENT_TEAM = QTGVHKHLYT;
				GENERATE_INFOPLIST_FILE = YES;
				INFOPLIST_FILE = "UIKit Example/Info.plist";
				INFOPLIST_KEY_NSMicrophoneUsageDescription = "Pagecall requires microphone access for voicechat";
				INFOPLIST_KEY_UIApplicationSupportsIndirectInputEvents = YES;
				INFOPLIST_KEY_UILaunchStoryboardName = LaunchScreen;
				INFOPLIST_KEY_UIMainStoryboardFile = Main;
				INFOPLIST_KEY_UISupportedInterfaceOrientations_iPad = "UIInterfaceOrientationPortrait UIInterfaceOrientationPortraitUpsideDown UIInterfaceOrientationLandscapeLeft UIInterfaceOrientationLandscapeRight";
				INFOPLIST_KEY_UISupportedInterfaceOrientations_iPhone = "UIInterfaceOrientationPortrait UIInterfaceOrientationLandscapeLeft UIInterfaceOrientationLandscapeRight";
				IPHONEOS_DEPLOYMENT_TARGET = 14.0;
				LD_RUNPATH_SEARCH_PATHS = (
					"$(inherited)",
					"@executable_path/Frameworks",
				);
				MARKETING_VERSION = 1.0;
				PRODUCT_BUNDLE_IDENTIFIER = "pagecall.UIKit-Example";
				PRODUCT_NAME = "$(TARGET_NAME)";
				SWIFT_EMIT_LOC_STRINGS = YES;
				SWIFT_VERSION = 5.0;
				TARGETED_DEVICE_FAMILY = "1,2";
			};
			name = Debug;
		};
		4BD9334A2A160E4A008BD122 /* Release */ = {
			isa = XCBuildConfiguration;
			baseConfigurationReference = 6CA2247DD5FD7A4DB42EBA82 /* Pods-UIKit Example.release.xcconfig */;
			buildSettings = {
				ASSETCATALOG_COMPILER_APPICON_NAME = AppIcon;
				ASSETCATALOG_COMPILER_GLOBAL_ACCENT_COLOR_NAME = AccentColor;
				CODE_SIGN_STYLE = Automatic;
				CURRENT_PROJECT_VERSION = 1;
				DEVELOPMENT_TEAM = QTGVHKHLYT;
				GENERATE_INFOPLIST_FILE = YES;
				INFOPLIST_FILE = "UIKit Example/Info.plist";
				INFOPLIST_KEY_NSMicrophoneUsageDescription = "Pagecall requires microphone access for voicechat";
				INFOPLIST_KEY_UIApplicationSupportsIndirectInputEvents = YES;
				INFOPLIST_KEY_UILaunchStoryboardName = LaunchScreen;
				INFOPLIST_KEY_UIMainStoryboardFile = Main;
				INFOPLIST_KEY_UISupportedInterfaceOrientations_iPad = "UIInterfaceOrientationPortrait UIInterfaceOrientationPortraitUpsideDown UIInterfaceOrientationLandscapeLeft UIInterfaceOrientationLandscapeRight";
				INFOPLIST_KEY_UISupportedInterfaceOrientations_iPhone = "UIInterfaceOrientationPortrait UIInterfaceOrientationLandscapeLeft UIInterfaceOrientationLandscapeRight";
				IPHONEOS_DEPLOYMENT_TARGET = 14.0;
				LD_RUNPATH_SEARCH_PATHS = (
					"$(inherited)",
					"@executable_path/Frameworks",
				);
				MARKETING_VERSION = 1.0;
				PRODUCT_BUNDLE_IDENTIFIER = "pagecall.UIKit-Example";
				PRODUCT_NAME = "$(TARGET_NAME)";
				SWIFT_EMIT_LOC_STRINGS = YES;
				SWIFT_VERSION = 5.0;
				TARGETED_DEVICE_FAMILY = "1,2";
			};
			name = Release;
		};
/* End XCBuildConfiguration section */

/* Begin XCConfigurationList section */
		4BD9332F2A160E49008BD122 /* Build configuration list for PBXProject "UIKit Example" */ = {
			isa = XCConfigurationList;
			buildConfigurations = (
				4BD933462A160E4A008BD122 /* Debug */,
				4BD933472A160E4A008BD122 /* Release */,
			);
			defaultConfigurationIsVisible = 0;
			defaultConfigurationName = Release;
		};
		4BD933482A160E4A008BD122 /* Build configuration list for PBXNativeTarget "UIKit Example" */ = {
			isa = XCConfigurationList;
			buildConfigurations = (
				4BD933492A160E4A008BD122 /* Debug */,
				4BD9334A2A160E4A008BD122 /* Release */,
			);
			defaultConfigurationIsVisible = 0;
			defaultConfigurationName = Release;
		};
/* End XCConfigurationList section */
	};
	rootObject = 4BD9332C2A160E49008BD122 /* Project object */;
}
