{
  "object": {
    "pins": [
      {
        "package": "Sentry",
        "repositoryURL": "https://github.com/getsentry/sentry-cocoa",
        "state": {
          "branch": null,
          "revision": "2479b6f7ff69b66bcdea82184d097667e63828ed",
          "version": "8.5.0"
        }
      }
    ]
  },
  "version": 1
}
