PODS:
  - Pagecall (0.0.29)
  - Pagecall/Log (0.0.29):
    - Sentry (~> 8.46.0)
  - Sentry (8.46.0):
    - Sentry/Core (= 8.46.0)
  - Sentry/Core (8.46.0)

DEPENDENCIES:
  - Pagecall (from `../../`)
  - Pagecall/Log (from `../../`)

SPEC REPOS:
  trunk:
    - Sentry

EXTERNAL SOURCES:
  Pagecall:
    :path: "../../"

SPEC CHECKSUMS:
  Pagecall: 5ae97084e6cf3852c7296e37b3bd6453f8ff5119
  Sentry: da60d980b197a46db0b35ea12cb8f39af48d8854

PODFILE CHECKSUM: 2c5df6556b2906df5c2e3bf0debd55c824a18815

COCOAPODS: 1.16.2
