{
  "object": {
    "pins": [
      {
        "package": "Sentry",
        "repositoryURL": "https://github.com/getsentry/sentry-cocoa",
        "state": {
          "branch": null,
          "revision": "259d8bc75aa4028416535d35840ff19fc7661292",
          "version": "8.9.3"
        }
      }
    ]
  },
  "version": 1
}
